
Microsoft Visual Studio Solution File, Format Version 12.00
# Visual Studio 15
VisualStudioVersion = 15.0.26228.4
MinimumVisualStudioVersion = 10.0.40219.1
Project("{FAE04EC0-301F-11D3-BF4B-00C04F79EFBC}") = "SysCommand.Tests.ConsoleApp", "SysCommand.Tests.ConsoleApp\SysCommand.Tests.ConsoleApp.csproj", "{C40D5C8A-E9BF-4E21-AC51-AAD23DFD952E}"
EndProject
Project("{2150E333-8FDC-42A3-9474-1A3956D46DE8}") = "Tests", "Tests", "{421ED130-B6BF-4320-8267-9715059C1F0C}"
EndProject
Project("{2150E333-8FDC-42A3-9474-1A3956D46DE8}") = "Core", "Core", "{095CE47A-8973-41CD-A65C-06E3862F8DBB}"
EndProject
Project("{9A19103F-16F7-4668-BE54-9A1E7A4F7556}") = "SysCommand", "SysCommand\SysCommand.csproj", "{110D5108-768D-4B5A-9909-3A93C5C4C4CA}"
EndProject
Project("{9A19103F-16F7-4668-BE54-9A1E7A4F7556}") = "SysCommand.Tests.UnitTests.DotNetCore", "SysCommand.Tests.UnitTests.DotNetCore\SysCommand.Tests.UnitTests.DotNetCore.csproj", "{1B450A3C-6082-42EF-8721-7B6085B0B921}"
EndProject
Project("{FAE04EC0-301F-11D3-BF4B-00C04F79EFBC}") = "SysCommand.Tests.UnitTests.DotNetFull", "SysCommand.Tests.UnitTests.DotNetFull\SysCommand.Tests.UnitTests.DotNetFull.csproj", "{4CFD637B-0D1C-423D-909E-6B1552C47D20}"
EndProject
Project("{FAE04EC0-301F-11D3-BF4B-00C04F79EFBC}") = "SysCommand.Tests.UnitTests.Common", "SysCommand.Tests.UnitTests.Common\SysCommand.Tests.UnitTests.Common.csproj", "{0830CBA0-A59D-4A81-B210-92B067A1C64A}"
EndProject
Global
	GlobalSection(SolutionConfigurationPlatforms) = preSolution
		Debug|Any CPU = Debug|Any CPU
		Debug|x64 = Debug|x64
		Debug|x86 = Debug|x86
		Release|Any CPU = Release|Any CPU
		Release|x64 = Release|x64
		Release|x86 = Release|x86
	EndGlobalSection
	GlobalSection(ProjectConfigurationPlatforms) = postSolution
		{C40D5C8A-E9BF-4E21-AC51-AAD23DFD952E}.Debug|Any CPU.ActiveCfg = Debug|Any CPU
		{C40D5C8A-E9BF-4E21-AC51-AAD23DFD952E}.Debug|Any CPU.Build.0 = Debug|Any CPU
		{C40D5C8A-E9BF-4E21-AC51-AAD23DFD952E}.Debug|x64.ActiveCfg = Debug|Any CPU
		{C40D5C8A-E9BF-4E21-AC51-AAD23DFD952E}.Debug|x64.Build.0 = Debug|Any CPU
		{C40D5C8A-E9BF-4E21-AC51-AAD23DFD952E}.Debug|x86.ActiveCfg = Debug|Any CPU
		{C40D5C8A-E9BF-4E21-AC51-AAD23DFD952E}.Debug|x86.Build.0 = Debug|Any CPU
		{C40D5C8A-E9BF-4E21-AC51-AAD23DFD952E}.Release|Any CPU.ActiveCfg = Release|Any CPU
		{C40D5C8A-E9BF-4E21-AC51-AAD23DFD952E}.Release|Any CPU.Build.0 = Release|Any CPU
		{C40D5C8A-E9BF-4E21-AC51-AAD23DFD952E}.Release|x64.ActiveCfg = Release|Any CPU
		{C40D5C8A-E9BF-4E21-AC51-AAD23DFD952E}.Release|x64.Build.0 = Release|Any CPU
		{C40D5C8A-E9BF-4E21-AC51-AAD23DFD952E}.Release|x86.ActiveCfg = Release|Any CPU
		{C40D5C8A-E9BF-4E21-AC51-AAD23DFD952E}.Release|x86.Build.0 = Release|Any CPU
		{110D5108-768D-4B5A-9909-3A93C5C4C4CA}.Debug|Any CPU.ActiveCfg = Debug|Any CPU
		{110D5108-768D-4B5A-9909-3A93C5C4C4CA}.Debug|Any CPU.Build.0 = Debug|Any CPU
		{110D5108-768D-4B5A-9909-3A93C5C4C4CA}.Debug|x64.ActiveCfg = Debug|Any CPU
		{110D5108-768D-4B5A-9909-3A93C5C4C4CA}.Debug|x64.Build.0 = Debug|Any CPU
		{110D5108-768D-4B5A-9909-3A93C5C4C4CA}.Debug|x86.ActiveCfg = Debug|Any CPU
		{110D5108-768D-4B5A-9909-3A93C5C4C4CA}.Debug|x86.Build.0 = Debug|Any CPU
		{110D5108-768D-4B5A-9909-3A93C5C4C4CA}.Release|Any CPU.ActiveCfg = Release|Any CPU
		{110D5108-768D-4B5A-9909-3A93C5C4C4CA}.Release|Any CPU.Build.0 = Release|Any CPU
		{110D5108-768D-4B5A-9909-3A93C5C4C4CA}.Release|x64.ActiveCfg = Release|Any CPU
		{110D5108-768D-4B5A-9909-3A93C5C4C4CA}.Release|x64.Build.0 = Release|Any CPU
		{110D5108-768D-4B5A-9909-3A93C5C4C4CA}.Release|x86.ActiveCfg = Release|Any CPU
		{110D5108-768D-4B5A-9909-3A93C5C4C4CA}.Release|x86.Build.0 = Release|Any CPU
		{1B450A3C-6082-42EF-8721-7B6085B0B921}.Debug|Any CPU.ActiveCfg = Debug|Any CPU
		{1B450A3C-6082-42EF-8721-7B6085B0B921}.Debug|Any CPU.Build.0 = Debug|Any CPU
		{1B450A3C-6082-42EF-8721-7B6085B0B921}.Debug|x64.ActiveCfg = Debug|Any CPU
		{1B450A3C-6082-42EF-8721-7B6085B0B921}.Debug|x64.Build.0 = Debug|Any CPU
		{1B450A3C-6082-42EF-8721-7B6085B0B921}.Debug|x86.ActiveCfg = Debug|Any CPU
		{1B450A3C-6082-42EF-8721-7B6085B0B921}.Debug|x86.Build.0 = Debug|Any CPU
		{1B450A3C-6082-42EF-8721-7B6085B0B921}.Release|Any CPU.ActiveCfg = Release|Any CPU
		{1B450A3C-6082-42EF-8721-7B6085B0B921}.Release|Any CPU.Build.0 = Release|Any CPU
		{1B450A3C-6082-42EF-8721-7B6085B0B921}.Release|x64.ActiveCfg = Release|Any CPU
		{1B450A3C-6082-42EF-8721-7B6085B0B921}.Release|x64.Build.0 = Release|Any CPU
		{1B450A3C-6082-42EF-8721-7B6085B0B921}.Release|x86.ActiveCfg = Release|Any CPU
		{1B450A3C-6082-42EF-8721-7B6085B0B921}.Release|x86.Build.0 = Release|Any CPU
		{4CFD637B-0D1C-423D-909E-6B1552C47D20}.Debug|Any CPU.ActiveCfg = Debug|Any CPU
		{4CFD637B-0D1C-423D-909E-6B1552C47D20}.Debug|Any CPU.Build.0 = Debug|Any CPU
		{4CFD637B-0D1C-423D-909E-6B1552C47D20}.Debug|x64.ActiveCfg = Debug|Any CPU
		{4CFD637B-0D1C-423D-909E-6B1552C47D20}.Debug|x64.Build.0 = Debug|Any CPU
		{4CFD637B-0D1C-423D-909E-6B1552C47D20}.Debug|x86.ActiveCfg = Debug|Any CPU
		{4CFD637B-0D1C-423D-909E-6B1552C47D20}.Debug|x86.Build.0 = Debug|Any CPU
		{4CFD637B-0D1C-423D-909E-6B1552C47D20}.Release|Any CPU.ActiveCfg = Release|Any CPU
		{4CFD637B-0D1C-423D-909E-6B1552C47D20}.Release|Any CPU.Build.0 = Release|Any CPU
		{4CFD637B-0D1C-423D-909E-6B1552C47D20}.Release|x64.ActiveCfg = Release|Any CPU
		{4CFD637B-0D1C-423D-909E-6B1552C47D20}.Release|x64.Build.0 = Release|Any CPU
		{4CFD637B-0D1C-423D-909E-6B1552C47D20}.Release|x86.ActiveCfg = Release|Any CPU
		{4CFD637B-0D1C-423D-909E-6B1552C47D20}.Release|x86.Build.0 = Release|Any CPU
		{0830CBA0-A59D-4A81-B210-92B067A1C64A}.Debug|Any CPU.ActiveCfg = Debug|Any CPU
		{0830CBA0-A59D-4A81-B210-92B067A1C64A}.Debug|Any CPU.Build.0 = Debug|Any CPU
		{0830CBA0-A59D-4A81-B210-92B067A1C64A}.Debug|x64.ActiveCfg = Debug|Any CPU
		{0830CBA0-A59D-4A81-B210-92B067A1C64A}.Debug|x64.Build.0 = Debug|Any CPU
		{0830CBA0-A59D-4A81-B210-92B067A1C64A}.Debug|x86.ActiveCfg = Debug|Any CPU
		{0830CBA0-A59D-4A81-B210-92B067A1C64A}.Debug|x86.Build.0 = Debug|Any CPU
		{0830CBA0-A59D-4A81-B210-92B067A1C64A}.Release|Any CPU.ActiveCfg = Release|Any CPU
		{0830CBA0-A59D-4A81-B210-92B067A1C64A}.Release|Any CPU.Build.0 = Release|Any CPU
		{0830CBA0-A59D-4A81-B210-92B067A1C64A}.Release|x64.ActiveCfg = Release|Any CPU
		{0830CBA0-A59D-4A81-B210-92B067A1C64A}.Release|x64.Build.0 = Release|Any CPU
		{0830CBA0-A59D-4A81-B210-92B067A1C64A}.Release|x86.ActiveCfg = Release|Any CPU
		{0830CBA0-A59D-4A81-B210-92B067A1C64A}.Release|x86.Build.0 = Release|Any CPU
	EndGlobalSection
	GlobalSection(SolutionProperties) = preSolution
		HideSolutionNode = FALSE
	EndGlobalSection
	GlobalSection(NestedProjects) = preSolution
		{C40D5C8A-E9BF-4E21-AC51-AAD23DFD952E} = {421ED130-B6BF-4320-8267-9715059C1F0C}
		{110D5108-768D-4B5A-9909-3A93C5C4C4CA} = {095CE47A-8973-41CD-A65C-06E3862F8DBB}
		{1B450A3C-6082-42EF-8721-7B6085B0B921} = {421ED130-B6BF-4320-8267-9715059C1F0C}
		{4CFD637B-0D1C-423D-909E-6B1552C47D20} = {421ED130-B6BF-4320-8267-9715059C1F0C}
		{0830CBA0-A59D-4A81-B210-92B067A1C64A} = {421ED130-B6BF-4320-8267-9715059C1F0C}
	EndGlobalSection
EndGlobal
