
Microsoft Visual Studio Solution File, Format Version 12.00
# Visual Studio 15
VisualStudioVersion = 15.0.27130.2036
MinimumVisualStudioVersion = 10.0.40219.1
Project("{2150E333-8FDC-42A3-9474-1A3956D46DE8}") = "Tests", "Tests", "{421ED130-B6BF-4320-8267-9715059C1F0C}"
EndProject
Project("{2150E333-8FDC-42A3-9474-1A3956D46DE8}") = "Core", "Core", "{095CE47A-8973-41CD-A65C-06E3862F8DBB}"
EndProject
Project("{9A19103F-16F7-4668-BE54-9A1E7A4F7556}") = "SysCommand.Tests.UnitTests.Common", "SysCommand.Tests.UnitTests.Common\SysCommand.Tests.UnitTests.Common.csproj", "{0830CBA0-A59D-4A81-B210-92B067A1C64A}"
EndProject
Project("{9A19103F-16F7-4668-BE54-9A1E7A4F7556}") = "SysCommand", "SysCommand\SysCommand.csproj", "{391FF2FE-82CA-4DCD-B598-B79FBD4D6CBA}"
EndProject
Project("{FAE04EC0-301F-11D3-BF4B-00C04F79EFBC}") = "SysCommand.Tests.ConsoleApp.Net462", "SysCommand.Tests.ConsoleApp.Net462\SysCommand.Tests.ConsoleApp.Net462.csproj", "{3BCD058C-A9D7-4B16-B635-74F129C3C6A7}"
EndProject
Project("{2150E333-8FDC-42A3-9474-1A3956D46DE8}") = "Consoles", "Consoles", "{95F43492-0D4C-413F-AF8A-827A7F49E0C3}"
EndProject
Project("{9A19103F-16F7-4668-BE54-9A1E7A4F7556}") = "SysCommand.Tests.ConsoleApp.NetCore20", "SysCommand.Tests.ConsoleApp.NetCore20\SysCommand.Tests.ConsoleApp.NetCore20.csproj", "{BF77E3AC-B417-4B70-9E80-946573059F62}"
EndProject
Project("{FAE04EC0-301F-11D3-BF4B-00C04F79EFBC}") = "SysCommand.Tests.ConsoleApp.Net461", "SysCommand.Tests.ConsoleApp.Net461\SysCommand.Tests.ConsoleApp.Net461.csproj", "{0BF9C4CB-FF84-4A46-9CC7-4B63289C481B}"
EndProject
Project("{2150E333-8FDC-42A3-9474-1A3956D46DE8}") = "UnitTests", "UnitTests", "{7D7D313D-B445-4CDC-A6AB-DB89B4CDFFFC}"
EndProject
Project("{FAE04EC0-301F-11D3-BF4B-00C04F79EFBC}") = "SysCommand.Tests.UnitTests.DotNetFull", "SysCommand.Tests.UnitTests.DotNetFull\SysCommand.Tests.UnitTests.DotNetFull.csproj", "{4CFD637B-0D1C-423D-909E-6B1552C47D20}"
EndProject
Project("{9A19103F-16F7-4668-BE54-9A1E7A4F7556}") = "SysCommand.Tests.UnitTests.DotNetCore", "SysCommand.Tests.UnitTests.DotNetCore\SysCommand.Tests.UnitTests.DotNetCore.csproj", "{E222A8CE-89CD-4D06-AC6F-5D6DDA51AFB8}"
EndProject
Project("{2150E333-8FDC-42A3-9474-1A3956D46DE8}") = "Publish", "Publish", "{4B2E9744-468A-4E3A-9EAB-93B92AE0F5E6}"
EndProject
Project("{FAE04EC0-301F-11D3-BF4B-00C04F79EFBC}") = "Publisher", "Publisher\Publisher.csproj", "{65ED2D89-4716-48AD-A48B-1B4914023DB8}"
EndProject
Global
	GlobalSection(SolutionConfigurationPlatforms) = preSolution
		Debug|Any CPU = Debug|Any CPU
		Debug|x64 = Debug|x64
		Debug|x86 = Debug|x86
		Release|Any CPU = Release|Any CPU
		Release|x64 = Release|x64
		Release|x86 = Release|x86
	EndGlobalSection
	GlobalSection(ProjectConfigurationPlatforms) = postSolution
		{0830CBA0-A59D-4A81-B210-92B067A1C64A}.Debug|Any CPU.ActiveCfg = Debug|Any CPU
		{0830CBA0-A59D-4A81-B210-92B067A1C64A}.Debug|Any CPU.Build.0 = Debug|Any CPU
		{0830CBA0-A59D-4A81-B210-92B067A1C64A}.Debug|x64.ActiveCfg = Debug|Any CPU
		{0830CBA0-A59D-4A81-B210-92B067A1C64A}.Debug|x64.Build.0 = Debug|Any CPU
		{0830CBA0-A59D-4A81-B210-92B067A1C64A}.Debug|x86.ActiveCfg = Debug|Any CPU
		{0830CBA0-A59D-4A81-B210-92B067A1C64A}.Debug|x86.Build.0 = Debug|Any CPU
		{0830CBA0-A59D-4A81-B210-92B067A1C64A}.Release|Any CPU.ActiveCfg = Release|Any CPU
		{0830CBA0-A59D-4A81-B210-92B067A1C64A}.Release|Any CPU.Build.0 = Release|Any CPU
		{0830CBA0-A59D-4A81-B210-92B067A1C64A}.Release|x64.ActiveCfg = Release|Any CPU
		{0830CBA0-A59D-4A81-B210-92B067A1C64A}.Release|x64.Build.0 = Release|Any CPU
		{0830CBA0-A59D-4A81-B210-92B067A1C64A}.Release|x86.ActiveCfg = Release|Any CPU
		{0830CBA0-A59D-4A81-B210-92B067A1C64A}.Release|x86.Build.0 = Release|Any CPU
		{391FF2FE-82CA-4DCD-B598-B79FBD4D6CBA}.Debug|Any CPU.ActiveCfg = Debug|Any CPU
		{391FF2FE-82CA-4DCD-B598-B79FBD4D6CBA}.Debug|Any CPU.Build.0 = Debug|Any CPU
		{391FF2FE-82CA-4DCD-B598-B79FBD4D6CBA}.Debug|x64.ActiveCfg = Debug|Any CPU
		{391FF2FE-82CA-4DCD-B598-B79FBD4D6CBA}.Debug|x64.Build.0 = Debug|Any CPU
		{391FF2FE-82CA-4DCD-B598-B79FBD4D6CBA}.Debug|x86.ActiveCfg = Debug|Any CPU
		{391FF2FE-82CA-4DCD-B598-B79FBD4D6CBA}.Debug|x86.Build.0 = Debug|Any CPU
		{391FF2FE-82CA-4DCD-B598-B79FBD4D6CBA}.Release|Any CPU.ActiveCfg = Release|Any CPU
		{391FF2FE-82CA-4DCD-B598-B79FBD4D6CBA}.Release|Any CPU.Build.0 = Release|Any CPU
		{391FF2FE-82CA-4DCD-B598-B79FBD4D6CBA}.Release|x64.ActiveCfg = Release|Any CPU
		{391FF2FE-82CA-4DCD-B598-B79FBD4D6CBA}.Release|x64.Build.0 = Release|Any CPU
		{391FF2FE-82CA-4DCD-B598-B79FBD4D6CBA}.Release|x86.ActiveCfg = Release|Any CPU
		{391FF2FE-82CA-4DCD-B598-B79FBD4D6CBA}.Release|x86.Build.0 = Release|Any CPU
		{3BCD058C-A9D7-4B16-B635-74F129C3C6A7}.Debug|Any CPU.ActiveCfg = Debug|Any CPU
		{3BCD058C-A9D7-4B16-B635-74F129C3C6A7}.Debug|Any CPU.Build.0 = Debug|Any CPU
		{3BCD058C-A9D7-4B16-B635-74F129C3C6A7}.Debug|x64.ActiveCfg = Debug|Any CPU
		{3BCD058C-A9D7-4B16-B635-74F129C3C6A7}.Debug|x64.Build.0 = Debug|Any CPU
		{3BCD058C-A9D7-4B16-B635-74F129C3C6A7}.Debug|x86.ActiveCfg = Debug|Any CPU
		{3BCD058C-A9D7-4B16-B635-74F129C3C6A7}.Debug|x86.Build.0 = Debug|Any CPU
		{3BCD058C-A9D7-4B16-B635-74F129C3C6A7}.Release|Any CPU.ActiveCfg = Release|Any CPU
		{3BCD058C-A9D7-4B16-B635-74F129C3C6A7}.Release|Any CPU.Build.0 = Release|Any CPU
		{3BCD058C-A9D7-4B16-B635-74F129C3C6A7}.Release|x64.ActiveCfg = Release|Any CPU
		{3BCD058C-A9D7-4B16-B635-74F129C3C6A7}.Release|x64.Build.0 = Release|Any CPU
		{3BCD058C-A9D7-4B16-B635-74F129C3C6A7}.Release|x86.ActiveCfg = Release|Any CPU
		{3BCD058C-A9D7-4B16-B635-74F129C3C6A7}.Release|x86.Build.0 = Release|Any CPU
		{BF77E3AC-B417-4B70-9E80-946573059F62}.Debug|Any CPU.ActiveCfg = Debug|Any CPU
		{BF77E3AC-B417-4B70-9E80-946573059F62}.Debug|Any CPU.Build.0 = Debug|Any CPU
		{BF77E3AC-B417-4B70-9E80-946573059F62}.Debug|x64.ActiveCfg = Debug|Any CPU
		{BF77E3AC-B417-4B70-9E80-946573059F62}.Debug|x64.Build.0 = Debug|Any CPU
		{BF77E3AC-B417-4B70-9E80-946573059F62}.Debug|x86.ActiveCfg = Debug|Any CPU
		{BF77E3AC-B417-4B70-9E80-946573059F62}.Debug|x86.Build.0 = Debug|Any CPU
		{BF77E3AC-B417-4B70-9E80-946573059F62}.Release|Any CPU.ActiveCfg = Release|Any CPU
		{BF77E3AC-B417-4B70-9E80-946573059F62}.Release|Any CPU.Build.0 = Release|Any CPU
		{BF77E3AC-B417-4B70-9E80-946573059F62}.Release|x64.ActiveCfg = Release|Any CPU
		{BF77E3AC-B417-4B70-9E80-946573059F62}.Release|x64.Build.0 = Release|Any CPU
		{BF77E3AC-B417-4B70-9E80-946573059F62}.Release|x86.ActiveCfg = Release|Any CPU
		{BF77E3AC-B417-4B70-9E80-946573059F62}.Release|x86.Build.0 = Release|Any CPU
		{0BF9C4CB-FF84-4A46-9CC7-4B63289C481B}.Debug|Any CPU.ActiveCfg = Debug|Any CPU
		{0BF9C4CB-FF84-4A46-9CC7-4B63289C481B}.Debug|Any CPU.Build.0 = Debug|Any CPU
		{0BF9C4CB-FF84-4A46-9CC7-4B63289C481B}.Debug|x64.ActiveCfg = Debug|Any CPU
		{0BF9C4CB-FF84-4A46-9CC7-4B63289C481B}.Debug|x64.Build.0 = Debug|Any CPU
		{0BF9C4CB-FF84-4A46-9CC7-4B63289C481B}.Debug|x86.ActiveCfg = Debug|Any CPU
		{0BF9C4CB-FF84-4A46-9CC7-4B63289C481B}.Debug|x86.Build.0 = Debug|Any CPU
		{0BF9C4CB-FF84-4A46-9CC7-4B63289C481B}.Release|Any CPU.ActiveCfg = Release|Any CPU
		{0BF9C4CB-FF84-4A46-9CC7-4B63289C481B}.Release|Any CPU.Build.0 = Release|Any CPU
		{0BF9C4CB-FF84-4A46-9CC7-4B63289C481B}.Release|x64.ActiveCfg = Release|Any CPU
		{0BF9C4CB-FF84-4A46-9CC7-4B63289C481B}.Release|x64.Build.0 = Release|Any CPU
		{0BF9C4CB-FF84-4A46-9CC7-4B63289C481B}.Release|x86.ActiveCfg = Release|Any CPU
		{0BF9C4CB-FF84-4A46-9CC7-4B63289C481B}.Release|x86.Build.0 = Release|Any CPU
		{4CFD637B-0D1C-423D-909E-6B1552C47D20}.Debug|Any CPU.ActiveCfg = Debug|Any CPU
		{4CFD637B-0D1C-423D-909E-6B1552C47D20}.Debug|Any CPU.Build.0 = Debug|Any CPU
		{4CFD637B-0D1C-423D-909E-6B1552C47D20}.Debug|x64.ActiveCfg = Debug|Any CPU
		{4CFD637B-0D1C-423D-909E-6B1552C47D20}.Debug|x64.Build.0 = Debug|Any CPU
		{4CFD637B-0D1C-423D-909E-6B1552C47D20}.Debug|x86.ActiveCfg = Debug|Any CPU
		{4CFD637B-0D1C-423D-909E-6B1552C47D20}.Debug|x86.Build.0 = Debug|Any CPU
		{4CFD637B-0D1C-423D-909E-6B1552C47D20}.Release|Any CPU.ActiveCfg = Release|Any CPU
		{4CFD637B-0D1C-423D-909E-6B1552C47D20}.Release|Any CPU.Build.0 = Release|Any CPU
		{4CFD637B-0D1C-423D-909E-6B1552C47D20}.Release|x64.ActiveCfg = Release|Any CPU
		{4CFD637B-0D1C-423D-909E-6B1552C47D20}.Release|x64.Build.0 = Release|Any CPU
		{4CFD637B-0D1C-423D-909E-6B1552C47D20}.Release|x86.ActiveCfg = Release|Any CPU
		{4CFD637B-0D1C-423D-909E-6B1552C47D20}.Release|x86.Build.0 = Release|Any CPU
		{E222A8CE-89CD-4D06-AC6F-5D6DDA51AFB8}.Debug|Any CPU.ActiveCfg = Debug|Any CPU
		{E222A8CE-89CD-4D06-AC6F-5D6DDA51AFB8}.Debug|Any CPU.Build.0 = Debug|Any CPU
		{E222A8CE-89CD-4D06-AC6F-5D6DDA51AFB8}.Debug|x64.ActiveCfg = Debug|Any CPU
		{E222A8CE-89CD-4D06-AC6F-5D6DDA51AFB8}.Debug|x64.Build.0 = Debug|Any CPU
		{E222A8CE-89CD-4D06-AC6F-5D6DDA51AFB8}.Debug|x86.ActiveCfg = Debug|Any CPU
		{E222A8CE-89CD-4D06-AC6F-5D6DDA51AFB8}.Debug|x86.Build.0 = Debug|Any CPU
		{E222A8CE-89CD-4D06-AC6F-5D6DDA51AFB8}.Release|Any CPU.ActiveCfg = Release|Any CPU
		{E222A8CE-89CD-4D06-AC6F-5D6DDA51AFB8}.Release|Any CPU.Build.0 = Release|Any CPU
		{E222A8CE-89CD-4D06-AC6F-5D6DDA51AFB8}.Release|x64.ActiveCfg = Release|Any CPU
		{E222A8CE-89CD-4D06-AC6F-5D6DDA51AFB8}.Release|x64.Build.0 = Release|Any CPU
		{E222A8CE-89CD-4D06-AC6F-5D6DDA51AFB8}.Release|x86.ActiveCfg = Release|Any CPU
		{E222A8CE-89CD-4D06-AC6F-5D6DDA51AFB8}.Release|x86.Build.0 = Release|Any CPU
		{65ED2D89-4716-48AD-A48B-1B4914023DB8}.Debug|Any CPU.ActiveCfg = Debug|Any CPU
		{65ED2D89-4716-48AD-A48B-1B4914023DB8}.Debug|Any CPU.Build.0 = Debug|Any CPU
		{65ED2D89-4716-48AD-A48B-1B4914023DB8}.Debug|x64.ActiveCfg = Debug|Any CPU
		{65ED2D89-4716-48AD-A48B-1B4914023DB8}.Debug|x64.Build.0 = Debug|Any CPU
		{65ED2D89-4716-48AD-A48B-1B4914023DB8}.Debug|x86.ActiveCfg = Debug|Any CPU
		{65ED2D89-4716-48AD-A48B-1B4914023DB8}.Debug|x86.Build.0 = Debug|Any CPU
		{65ED2D89-4716-48AD-A48B-1B4914023DB8}.Release|Any CPU.ActiveCfg = Release|Any CPU
		{65ED2D89-4716-48AD-A48B-1B4914023DB8}.Release|Any CPU.Build.0 = Release|Any CPU
		{65ED2D89-4716-48AD-A48B-1B4914023DB8}.Release|x64.ActiveCfg = Release|Any CPU
		{65ED2D89-4716-48AD-A48B-1B4914023DB8}.Release|x64.Build.0 = Release|Any CPU
		{65ED2D89-4716-48AD-A48B-1B4914023DB8}.Release|x86.ActiveCfg = Release|Any CPU
		{65ED2D89-4716-48AD-A48B-1B4914023DB8}.Release|x86.Build.0 = Release|Any CPU
	EndGlobalSection
	GlobalSection(SolutionProperties) = preSolution
		HideSolutionNode = FALSE
	EndGlobalSection
	GlobalSection(NestedProjects) = preSolution
		{0830CBA0-A59D-4A81-B210-92B067A1C64A} = {7D7D313D-B445-4CDC-A6AB-DB89B4CDFFFC}
		{391FF2FE-82CA-4DCD-B598-B79FBD4D6CBA} = {095CE47A-8973-41CD-A65C-06E3862F8DBB}
		{3BCD058C-A9D7-4B16-B635-74F129C3C6A7} = {95F43492-0D4C-413F-AF8A-827A7F49E0C3}
		{95F43492-0D4C-413F-AF8A-827A7F49E0C3} = {421ED130-B6BF-4320-8267-9715059C1F0C}
		{BF77E3AC-B417-4B70-9E80-946573059F62} = {95F43492-0D4C-413F-AF8A-827A7F49E0C3}
		{0BF9C4CB-FF84-4A46-9CC7-4B63289C481B} = {95F43492-0D4C-413F-AF8A-827A7F49E0C3}
		{7D7D313D-B445-4CDC-A6AB-DB89B4CDFFFC} = {421ED130-B6BF-4320-8267-9715059C1F0C}
		{4CFD637B-0D1C-423D-909E-6B1552C47D20} = {7D7D313D-B445-4CDC-A6AB-DB89B4CDFFFC}
		{E222A8CE-89CD-4D06-AC6F-5D6DDA51AFB8} = {7D7D313D-B445-4CDC-A6AB-DB89B4CDFFFC}
		{65ED2D89-4716-48AD-A48B-1B4914023DB8} = {4B2E9744-468A-4E3A-9EAB-93B92AE0F5E6}
	EndGlobalSection
	GlobalSection(ExtensibilityGlobals) = postSolution
		SolutionGuid = {47FD92B3-F26D-40EB-BC76-0C58E323B238}
	EndGlobalSection
EndGlobal
