
Microsoft Visual Studio Solution File, Format Version 12.00
# Visual Studio 15
VisualStudioVersion = 15.0.26206.0
MinimumVisualStudioVersion = 10.0.40219.1
Project("{FAE04EC0-301F-11D3-BF4B-00C04F79EFBC}") = "SysCommand.Tests.ConsoleApp", "SysCommand.Tests.ConsoleApp\SysCommand.Tests.ConsoleApp.csproj", "{C40D5C8A-E9BF-4E21-AC51-AAD23DFD952E}"
EndProject
Project("{2150E333-8FDC-42A3-9474-1A3956D46DE8}") = "Tests", "Tests", "{421ED130-B6BF-4320-8267-9715059C1F0C}"
EndProject
Project("{2150E333-8FDC-42A3-9474-1A3956D46DE8}") = "Core", "Core", "{095CE47A-8973-41CD-A65C-06E3862F8DBB}"
EndProject
Project("{9A19103F-16F7-4668-BE54-9A1E7A4F7556}") = "SysCommand", "SysCommand\SysCommand.csproj", "{110D5108-768D-4B5A-9909-3A93C5C4C4CA}"
EndProject
Project("{FAE04EC0-301F-11D3-BF4B-00C04F79EFBC}") = "SysCommand.Tests.ConsoleAppNetCore", "SysCommand.Tests.ConsoleAppNetCore\SysCommand.Tests.ConsoleAppNetCore.csproj", "{06683D49-64F9-4B96-8F29-8F189965F6FB}"
EndProject
Project("{FAE04EC0-301F-11D3-BF4B-00C04F79EFBC}") = "SysCommand.TestUtils", "SysCommand.TestUtils\SysCommand.TestUtils.csproj", "{7977222F-64E3-4C58-B3A8-00700454804C}"
EndProject
Project("{FAE04EC0-301F-11D3-BF4B-00C04F79EFBC}") = "SysCommand.Tests.UnitTests", "SysCommand.Tests.UnitTests\SysCommand.Tests.UnitTests.csproj", "{8643537F-74C3-43AF-B252-C12FEA7AF94F}"
EndProject
Project("{FAE04EC0-301F-11D3-BF4B-00C04F79EFBC}") = "SysCommand.Tests.XUnit", "SysCommand.Tests.XUnit\SysCommand.Tests.XUnit.csproj", "{A14DE195-8D46-4EFC-BC71-06CBB4C59472}"
EndProject
Global
	GlobalSection(SolutionConfigurationPlatforms) = preSolution
		Debug|Any CPU = Debug|Any CPU
		Debug|x64 = Debug|x64
		Debug|x86 = Debug|x86
		Release|Any CPU = Release|Any CPU
		Release|x64 = Release|x64
		Release|x86 = Release|x86
	EndGlobalSection
	GlobalSection(ProjectConfigurationPlatforms) = postSolution
		{C40D5C8A-E9BF-4E21-AC51-AAD23DFD952E}.Debug|Any CPU.ActiveCfg = Debug|Any CPU
		{C40D5C8A-E9BF-4E21-AC51-AAD23DFD952E}.Debug|Any CPU.Build.0 = Debug|Any CPU
		{C40D5C8A-E9BF-4E21-AC51-AAD23DFD952E}.Debug|x64.ActiveCfg = Debug|Any CPU
		{C40D5C8A-E9BF-4E21-AC51-AAD23DFD952E}.Debug|x64.Build.0 = Debug|Any CPU
		{C40D5C8A-E9BF-4E21-AC51-AAD23DFD952E}.Debug|x86.ActiveCfg = Debug|Any CPU
		{C40D5C8A-E9BF-4E21-AC51-AAD23DFD952E}.Debug|x86.Build.0 = Debug|Any CPU
		{C40D5C8A-E9BF-4E21-AC51-AAD23DFD952E}.Release|Any CPU.ActiveCfg = Release|Any CPU
		{C40D5C8A-E9BF-4E21-AC51-AAD23DFD952E}.Release|Any CPU.Build.0 = Release|Any CPU
		{C40D5C8A-E9BF-4E21-AC51-AAD23DFD952E}.Release|x64.ActiveCfg = Release|Any CPU
		{C40D5C8A-E9BF-4E21-AC51-AAD23DFD952E}.Release|x64.Build.0 = Release|Any CPU
		{C40D5C8A-E9BF-4E21-AC51-AAD23DFD952E}.Release|x86.ActiveCfg = Release|Any CPU
		{C40D5C8A-E9BF-4E21-AC51-AAD23DFD952E}.Release|x86.Build.0 = Release|Any CPU
		{110D5108-768D-4B5A-9909-3A93C5C4C4CA}.Debug|Any CPU.ActiveCfg = Debug|Any CPU
		{110D5108-768D-4B5A-9909-3A93C5C4C4CA}.Debug|Any CPU.Build.0 = Debug|Any CPU
		{110D5108-768D-4B5A-9909-3A93C5C4C4CA}.Debug|x64.ActiveCfg = Debug|x64
		{110D5108-768D-4B5A-9909-3A93C5C4C4CA}.Debug|x64.Build.0 = Debug|x64
		{110D5108-768D-4B5A-9909-3A93C5C4C4CA}.Debug|x86.ActiveCfg = Debug|x86
		{110D5108-768D-4B5A-9909-3A93C5C4C4CA}.Debug|x86.Build.0 = Debug|x86
		{110D5108-768D-4B5A-9909-3A93C5C4C4CA}.Release|Any CPU.ActiveCfg = Release|Any CPU
		{110D5108-768D-4B5A-9909-3A93C5C4C4CA}.Release|Any CPU.Build.0 = Release|Any CPU
		{110D5108-768D-4B5A-9909-3A93C5C4C4CA}.Release|x64.ActiveCfg = Release|x64
		{110D5108-768D-4B5A-9909-3A93C5C4C4CA}.Release|x64.Build.0 = Release|x64
		{110D5108-768D-4B5A-9909-3A93C5C4C4CA}.Release|x86.ActiveCfg = Release|x86
		{110D5108-768D-4B5A-9909-3A93C5C4C4CA}.Release|x86.Build.0 = Release|x86
		{06683D49-64F9-4B96-8F29-8F189965F6FB}.Debug|Any CPU.ActiveCfg = Debug|Any CPU
		{06683D49-64F9-4B96-8F29-8F189965F6FB}.Debug|Any CPU.Build.0 = Debug|Any CPU
		{06683D49-64F9-4B96-8F29-8F189965F6FB}.Debug|x64.ActiveCfg = Debug|x64
		{06683D49-64F9-4B96-8F29-8F189965F6FB}.Debug|x64.Build.0 = Debug|x64
		{06683D49-64F9-4B96-8F29-8F189965F6FB}.Debug|x86.ActiveCfg = Debug|x86
		{06683D49-64F9-4B96-8F29-8F189965F6FB}.Debug|x86.Build.0 = Debug|x86
		{06683D49-64F9-4B96-8F29-8F189965F6FB}.Release|Any CPU.ActiveCfg = Release|Any CPU
		{06683D49-64F9-4B96-8F29-8F189965F6FB}.Release|Any CPU.Build.0 = Release|Any CPU
		{06683D49-64F9-4B96-8F29-8F189965F6FB}.Release|x64.ActiveCfg = Release|x64
		{06683D49-64F9-4B96-8F29-8F189965F6FB}.Release|x64.Build.0 = Release|x64
		{06683D49-64F9-4B96-8F29-8F189965F6FB}.Release|x86.ActiveCfg = Release|x86
		{06683D49-64F9-4B96-8F29-8F189965F6FB}.Release|x86.Build.0 = Release|x86
		{7977222F-64E3-4C58-B3A8-00700454804C}.Debug|Any CPU.ActiveCfg = Debug|Any CPU
		{7977222F-64E3-4C58-B3A8-00700454804C}.Debug|Any CPU.Build.0 = Debug|Any CPU
		{7977222F-64E3-4C58-B3A8-00700454804C}.Debug|x64.ActiveCfg = Debug|Any CPU
		{7977222F-64E3-4C58-B3A8-00700454804C}.Debug|x64.Build.0 = Debug|Any CPU
		{7977222F-64E3-4C58-B3A8-00700454804C}.Debug|x86.ActiveCfg = Debug|Any CPU
		{7977222F-64E3-4C58-B3A8-00700454804C}.Debug|x86.Build.0 = Debug|Any CPU
		{7977222F-64E3-4C58-B3A8-00700454804C}.Release|Any CPU.ActiveCfg = Release|Any CPU
		{7977222F-64E3-4C58-B3A8-00700454804C}.Release|Any CPU.Build.0 = Release|Any CPU
		{7977222F-64E3-4C58-B3A8-00700454804C}.Release|x64.ActiveCfg = Release|Any CPU
		{7977222F-64E3-4C58-B3A8-00700454804C}.Release|x64.Build.0 = Release|Any CPU
		{7977222F-64E3-4C58-B3A8-00700454804C}.Release|x86.ActiveCfg = Release|Any CPU
		{7977222F-64E3-4C58-B3A8-00700454804C}.Release|x86.Build.0 = Release|Any CPU
		{8643537F-74C3-43AF-B252-C12FEA7AF94F}.Debug|Any CPU.ActiveCfg = Debug|Any CPU
		{8643537F-74C3-43AF-B252-C12FEA7AF94F}.Debug|Any CPU.Build.0 = Debug|Any CPU
		{8643537F-74C3-43AF-B252-C12FEA7AF94F}.Debug|x64.ActiveCfg = Debug|Any CPU
		{8643537F-74C3-43AF-B252-C12FEA7AF94F}.Debug|x64.Build.0 = Debug|Any CPU
		{8643537F-74C3-43AF-B252-C12FEA7AF94F}.Debug|x86.ActiveCfg = Debug|Any CPU
		{8643537F-74C3-43AF-B252-C12FEA7AF94F}.Debug|x86.Build.0 = Debug|Any CPU
		{8643537F-74C3-43AF-B252-C12FEA7AF94F}.Release|Any CPU.ActiveCfg = Release|Any CPU
		{8643537F-74C3-43AF-B252-C12FEA7AF94F}.Release|Any CPU.Build.0 = Release|Any CPU
		{8643537F-74C3-43AF-B252-C12FEA7AF94F}.Release|x64.ActiveCfg = Release|Any CPU
		{8643537F-74C3-43AF-B252-C12FEA7AF94F}.Release|x64.Build.0 = Release|Any CPU
		{8643537F-74C3-43AF-B252-C12FEA7AF94F}.Release|x86.ActiveCfg = Release|Any CPU
		{8643537F-74C3-43AF-B252-C12FEA7AF94F}.Release|x86.Build.0 = Release|Any CPU
		{A14DE195-8D46-4EFC-BC71-06CBB4C59472}.Debug|Any CPU.ActiveCfg = Debug|Any CPU
		{A14DE195-8D46-4EFC-BC71-06CBB4C59472}.Debug|Any CPU.Build.0 = Debug|Any CPU
		{A14DE195-8D46-4EFC-BC71-06CBB4C59472}.Debug|x64.ActiveCfg = Debug|x64
		{A14DE195-8D46-4EFC-BC71-06CBB4C59472}.Debug|x64.Build.0 = Debug|x64
		{A14DE195-8D46-4EFC-BC71-06CBB4C59472}.Debug|x86.ActiveCfg = Debug|x86
		{A14DE195-8D46-4EFC-BC71-06CBB4C59472}.Debug|x86.Build.0 = Debug|x86
		{A14DE195-8D46-4EFC-BC71-06CBB4C59472}.Release|Any CPU.ActiveCfg = Release|Any CPU
		{A14DE195-8D46-4EFC-BC71-06CBB4C59472}.Release|Any CPU.Build.0 = Release|Any CPU
		{A14DE195-8D46-4EFC-BC71-06CBB4C59472}.Release|x64.ActiveCfg = Release|x64
		{A14DE195-8D46-4EFC-BC71-06CBB4C59472}.Release|x64.Build.0 = Release|x64
		{A14DE195-8D46-4EFC-BC71-06CBB4C59472}.Release|x86.ActiveCfg = Release|x86
		{A14DE195-8D46-4EFC-BC71-06CBB4C59472}.Release|x86.Build.0 = Release|x86
	EndGlobalSection
	GlobalSection(SolutionProperties) = preSolution
		HideSolutionNode = FALSE
	EndGlobalSection
	GlobalSection(NestedProjects) = preSolution
		{C40D5C8A-E9BF-4E21-AC51-AAD23DFD952E} = {421ED130-B6BF-4320-8267-9715059C1F0C}
		{110D5108-768D-4B5A-9909-3A93C5C4C4CA} = {095CE47A-8973-41CD-A65C-06E3862F8DBB}
		{06683D49-64F9-4B96-8F29-8F189965F6FB} = {421ED130-B6BF-4320-8267-9715059C1F0C}
		{7977222F-64E3-4C58-B3A8-00700454804C} = {421ED130-B6BF-4320-8267-9715059C1F0C}
		{8643537F-74C3-43AF-B252-C12FEA7AF94F} = {421ED130-B6BF-4320-8267-9715059C1F0C}
		{A14DE195-8D46-4EFC-BC71-06CBB4C59472} = {421ED130-B6BF-4320-8267-9715059C1F0C}
	EndGlobalSection
EndGlobal
