
Microsoft Visual Studio Solution File, Format Version 12.00
# Visual Studio 15
VisualStudioVersion = 15.0.26206.0
MinimumVisualStudioVersion = 10.0.40219.1
Project("{9A19103F-16F7-4668-BE54-9A1E7A4F7556}") = "SysCommand", "SysCommand\SysCommand.csproj", "{9B7D78C6-F8FA-462B-9F5D-1BD959E70FEE}"
EndProject
Project("{9A19103F-16F7-4668-BE54-9A1E7A4F7556}") = "SysCommand.ConsoleApp", "SysCommand.ConsoleApp\SysCommand.ConsoleApp.csproj", "{C5E9B6A5-9C70-471D-A71C-87589FAFCD50}"
EndProject
Global
	GlobalSection(SolutionConfigurationPlatforms) = preSolution
		Debug|Any CPU = Debug|Any CPU
		Release|Any CPU = Release|Any CPU
	EndGlobalSection
	GlobalSection(ProjectConfigurationPlatforms) = postSolution
		{9B7D78C6-F8FA-462B-9F5D-1BD959E70FEE}.Debug|Any CPU.ActiveCfg = Debug|Any CPU
		{9B7D78C6-F8FA-462B-9F5D-1BD959E70FEE}.Debug|Any CPU.Build.0 = Debug|Any CPU
		{9B7D78C6-F8FA-462B-9F5D-1BD959E70FEE}.Release|Any CPU.ActiveCfg = Release|Any CPU
		{9B7D78C6-F8FA-462B-9F5D-1BD959E70FEE}.Release|Any CPU.Build.0 = Release|Any CPU
		{C5E9B6A5-9C70-471D-A71C-87589FAFCD50}.Debug|Any CPU.ActiveCfg = Debug|Any CPU
		{C5E9B6A5-9C70-471D-A71C-87589FAFCD50}.Debug|Any CPU.Build.0 = Debug|Any CPU
		{C5E9B6A5-9C70-471D-A71C-87589FAFCD50}.Release|Any CPU.ActiveCfg = Release|Any CPU
		{C5E9B6A5-9C70-471D-A71C-87589FAFCD50}.Release|Any CPU.Build.0 = Release|Any CPU
	EndGlobalSection
	GlobalSection(SolutionProperties) = preSolution
		HideSolutionNode = FALSE
	EndGlobalSection
EndGlobal
